// !$*UTF8*$!
{
	archiveVersion = 1;
	classes = {
	};
	objectVersion = 50;
	objects = {

/* Begin PBXBuildFile section */
		4C336DCF2278C067005F5F6C /* AppDelegate.swift in Sources */ = {isa = PBXBuildFile; fileRef = 4C336DCE2278C067005F5F6C /* AppDelegate.swift */; };
		4C336DD12278C067005F5F6C /* ViewController.swift in Sources */ = {isa = PBXBuildFile; fileRef = 4C336DD02278C067005F5F6C /* ViewController.swift */; };
		4C336DD42278C067005F5F6C /* Main.storyboard in Resources */ = {isa = PBXBuildFile; fileRef = 4C336DD22278C067005F5F6C /* Main.storyboard */; };
		4C336DD62278C069005F5F6C /* Assets.xcassets in Resources */ = {isa = PBXBuildFile; fileRef = 4C336DD52278C069005F5F6C /* Assets.xcassets */; };
		4C336DD92278C069005F5F6C /* LaunchScreen.storyboard in Resources */ = {isa = PBXBuildFile; fileRef = 4C336DD72278C069005F5F6C /* LaunchScreen.storyboard */; };
		4C3E6535229C3FB50016052C /* 2017.mp3 in Resources */ = {isa = PBXBuildFile; fileRef = 4C3E6534229C3FB50016052C /* 2017.mp3 */; };
		4C70DF902278F46B004C113E /* GoogleService-Info.plist in Resources */ = {isa = PBXBuildFile; fileRef = 4C70DF8F2278F46B004C113E /* GoogleService-Info.plist */; };
		4C70DF9222791AC5004C113E /* JoinTableViewCell.swift in Sources */ = {isa = PBXBuildFile; fileRef = 4C70DF9122791AC5004C113E /* JoinTableViewCell.swift */; };
		4C70DF94227924E8004C113E /* BoardViewController.swift in Sources */ = {isa = PBXBuildFile; fileRef = 4C70DF93227924E8004C113E /* BoardViewController.swift */; };
		4C7CD7C5227CDB6C00FC06C4 /* scnModels.scnassets in Resources */ = {isa = PBXBuildFile; fileRef = 4C7CD7C4227CDB6C00FC06C4 /* scnModels.scnassets */; };
		F562B5E4552E0302B64637D9 /* Pods_Gammon_Air.framework in Frameworks */ = {isa = PBXBuildFile; fileRef = 9BAA15EB5491F71EAEF763DF /* Pods_Gammon_Air.framework */; };
/* End PBXBuildFile section */

/* Begin PBXFileReference section */
		4C336DCB2278C067005F5F6C /* Gammon Air.app */ = {isa = PBXFileReference; explicitFileType = wrapper.application; includeInIndex = 0; path = "Gammon Air.app"; sourceTree = BUILT_PRODUCTS_DIR; };
		4C336DCE2278C067005F5F6C /* AppDelegate.swift */ = {isa = PBXFileReference; lastKnownFileType = sourcecode.swift; path = AppDelegate.swift; sourceTree = "<group>"; };
		4C336DD02278C067005F5F6C /* ViewController.swift */ = {isa = PBXFileReference; lastKnownFileType = sourcecode.swift; path = ViewController.swift; sourceTree = "<group>"; };
		4C336DD32278C067005F5F6C /* Base */ = {isa = PBXFileReference; lastKnownFileType = file.storyboard; name = Base; path = Base.lproj/Main.storyboard; sourceTree = "<group>"; };
		4C336DD52278C069005F5F6C /* Assets.xcassets */ = {isa = PBXFileReference; lastKnownFileType = folder.assetcatalog; path = Assets.xcassets; sourceTree = "<group>"; };
		4C336DD82278C069005F5F6C /* Base */ = {isa = PBXFileReference; lastKnownFileType = file.storyboard; name = Base; path = Base.lproj/LaunchScreen.storyboard; sourceTree = "<group>"; };
		4C336DDA2278C069005F5F6C /* Info.plist */ = {isa = PBXFileReference; lastKnownFileType = text.plist.xml; path = Info.plist; sourceTree = "<group>"; };
		4C3E6534229C3FB50016052C /* 2017.mp3 */ = {isa = PBXFileReference; lastKnownFileType = audio.mp3; path = 2017.mp3; sourceTree = "<group>"; };
		4C70DF8F2278F46B004C113E /* GoogleService-Info.plist */ = {isa = PBXFileReference; fileEncoding = 4; lastKnownFileType = text.plist.xml; path = "GoogleService-Info.plist"; sourceTree = "<group>"; };
		4C70DF9122791AC5004C113E /* JoinTableViewCell.swift */ = {isa = PBXFileReference; lastKnownFileType = sourcecode.swift; path = JoinTableViewCell.swift; sourceTree = "<group>"; };
		4C70DF93227924E8004C113E /* BoardViewController.swift */ = {isa = PBXFileReference; lastKnownFileType = sourcecode.swift; path = BoardViewController.swift; sourceTree = "<group>"; };
		4C7CD7C4227CDB6C00FC06C4 /* scnModels.scnassets */ = {isa = PBXFileReference; lastKnownFileType = wrapper.scnassets; path = scnModels.scnassets; sourceTree = "<group>"; };
		90319DB8BD300CD9D4051E66 /* Pods-Gammon Air.release.xcconfig */ = {isa = PBXFileReference; includeInIndex = 1; lastKnownFileType = text.xcconfig; name = "Pods-Gammon Air.release.xcconfig"; path = "Target Support Files/Pods-Gammon Air/Pods-Gammon Air.release.xcconfig"; sourceTree = "<group>"; };
		9BAA15EB5491F71EAEF763DF /* Pods_Gammon_Air.framework */ = {isa = PBXFileReference; explicitFileType = wrapper.framework; includeInIndex = 0; path = Pods_Gammon_Air.framework; sourceTree = BUILT_PRODUCTS_DIR; };
		CE15D4B46D05BEC64F1B79FB /* Pods-Gammon Air.debug.xcconfig */ = {isa = PBXFileReference; includeInIndex = 1; lastKnownFileType = text.xcconfig; name = "Pods-Gammon Air.debug.xcconfig"; path = "Target Support Files/Pods-Gammon Air/Pods-Gammon Air.debug.xcconfig"; sourceTree = "<group>"; };
/* End PBXFileReference section */

/* Begin PBXFrameworksBuildPhase section */
		4C336DC82278C067005F5F6C /* Frameworks */ = {
			isa = PBXFrameworksBuildPhase;
			buildActionMask = 2147483647;
			files = (
				F562B5E4552E0302B64637D9 /* Pods_Gammon_Air.framework in Frameworks */,
			);
			runOnlyForDeploymentPostprocessing = 0;
		};
/* End PBXFrameworksBuildPhase section */

/* Begin PBXGroup section */
		11A51560BCB9D6EA18FE777F /* Pods */ = {
			isa = PBXGroup;
			children = (
				CE15D4B46D05BEC64F1B79FB /* Pods-Gammon Air.debug.xcconfig */,
				90319DB8BD300CD9D4051E66 /* Pods-Gammon Air.release.xcconfig */,
			);
			path = Pods;
			sourceTree = "<group>";
		};
		185DB7EF0405AE5A4DE84256 /* Frameworks */ = {
			isa = PBXGroup;
			children = (
				9BAA15EB5491F71EAEF763DF /* Pods_Gammon_Air.framework */,
			);
			name = Frameworks;
			sourceTree = "<group>";
		};
		4C336DC22278C067005F5F6C = {
			isa = PBXGroup;
			children = (
				4C336DCD2278C067005F5F6C /* Gammon Air */,
				4C336DCC2278C067005F5F6C /* Products */,
				11A51560BCB9D6EA18FE777F /* Pods */,
				185DB7EF0405AE5A4DE84256 /* Frameworks */,
			);
			sourceTree = "<group>";
		};
		4C336DCC2278C067005F5F6C /* Products */ = {
			isa = PBXGroup;
			children = (
				4C336DCB2278C067005F5F6C /* Gammon Air.app */,
			);
			name = Products;
			sourceTree = "<group>";
		};
		4C336DCD2278C067005F5F6C /* Gammon Air */ = {
			isa = PBXGroup;
			children = (
				4C336DCE2278C067005F5F6C /* AppDelegate.swift */,
				4C336DD02278C067005F5F6C /* ViewController.swift */,
				4C70DF93227924E8004C113E /* BoardViewController.swift */,
				4C7CD7C4227CDB6C00FC06C4 /* scnModels.scnassets */,
				4C336DD22278C067005F5F6C /* Main.storyboard */,
				4C70DF9122791AC5004C113E /* JoinTableViewCell.swift */,
				4C3E6534229C3FB50016052C /* 2017.mp3 */,
				4C336DD52278C069005F5F6C /* Assets.xcassets */,
				4C336DD72278C069005F5F6C /* LaunchScreen.storyboard */,
				4C336DDA2278C069005F5F6C /* Info.plist */,
				4C70DF8F2278F46B004C113E /* GoogleService-Info.plist */,
			);
			path = "Gammon Air";
			sourceTree = "<group>";
		};
/* End PBXGroup section */

/* Begin PBXNativeTarget section */
		4C336DCA2278C067005F5F6C /* Gammon Air */ = {
			isa = PBXNativeTarget;
			buildConfigurationList = 4C336DDD2278C069005F5F6C /* Build configuration list for PBXNativeTarget "Gammon Air" */;
			buildPhases = (
				A964B0505FBA66D80D8C8124 /* [CP] Check Pods Manifest.lock */,
				4C336DC72278C067005F5F6C /* Sources */,
				4C336DC82278C067005F5F6C /* Frameworks */,
				4C336DC92278C067005F5F6C /* Resources */,
				FED97698AA41F8E6C63D95D2 /* [CP] Embed Pods Frameworks */,
			);
			buildRules = (
			);
			dependencies = (
			);
			name = "Gammon Air";
			productName = "Gammon Air";
			productReference = 4C336DCB2278C067005F5F6C /* Gammon Air.app */;
			productType = "com.apple.product-type.application";
		};
/* End PBXNativeTarget section */

/* Begin PBXProject section */
		4C336DC32278C067005F5F6C /* Project object */ = {
			isa = PBXProject;
			attributes = {
				LastSwiftUpdateCheck = 1020;
				LastUpgradeCheck = 1020;
				ORGANIZATIONNAME = "Rolf Locher";
				TargetAttributes = {
					4C336DCA2278C067005F5F6C = {
						CreatedOnToolsVersion = 10.2.1;
					};
				};
			};
			buildConfigurationList = 4C336DC62278C067005F5F6C /* Build configuration list for PBXProject "Gammon Air" */;
			compatibilityVersion = "Xcode 9.3";
			developmentRegion = en;
			hasScannedForEncodings = 0;
			knownRegions = (
				en,
				Base,
			);
			mainGroup = 4C336DC22278C067005F5F6C;
			productRefGroup = 4C336DCC2278C067005F5F6C /* Products */;
			projectDirPath = "";
			projectRoot = "";
			targets = (
				4C336DCA2278C067005F5F6C /* Gammon Air */,
			);
		};
/* End PBXProject section */

/* Begin PBXResourcesBuildPhase section */
		4C336DC92278C067005F5F6C /* Resources */ = {
			isa = PBXResourcesBuildPhase;
			buildActionMask = 2147483647;
			files = (
				4C3E6535229C3FB50016052C /* 2017.mp3 in Resources */,
				4C336DD92278C069005F5F6C /* LaunchScreen.storyboard in Resources */,
				4C70DF902278F46B004C113E /* GoogleService-Info.plist in Resources */,
				4C336DD62278C069005F5F6C /* Assets.xcassets in Resources */,
				4C7CD7C5227CDB6C00FC06C4 /* scnModels.scnassets in Resources */,
				4C336DD42278C067005F5F6C /* Main.storyboard in Resources */,
			);
			runOnlyForDeploymentPostprocessing = 0;
		};
/* End PBXResourcesBuildPhase section */

/* Begin PBXShellScriptBuildPhase section */
		A964B0505FBA66D80D8C8124 /* [CP] Check Pods Manifest.lock */ = {
			isa = PBXShellScriptBuildPhase;
			buildActionMask = 2147483647;
			files = (
			);
			inputFileListPaths = (
			);
			inputPaths = (
				"${PODS_PODFILE_DIR_PATH}/Podfile.lock",
				"${PODS_ROOT}/Manifest.lock",
			);
			name = "[CP] Check Pods Manifest.lock";
			outputFileListPaths = (
			);
			outputPaths = (
				"$(DERIVED_FILE_DIR)/Pods-Gammon Air-checkManifestLockResult.txt",
			);
			runOnlyForDeploymentPostprocessing = 0;
			shellPath = /bin/sh;
			shellScript = "diff \"${PODS_PODFILE_DIR_PATH}/Podfile.lock\" \"${PODS_ROOT}/Manifest.lock\" > /dev/null\nif [ $? != 0 ] ; then\n    # print error to STDERR\n    echo \"error: The sandbox is not in sync with the Podfile.lock. Run 'pod install' or update your CocoaPods installation.\" >&2\n    exit 1\nfi\n# This output is used by Xcode 'outputs' to avoid re-running this script phase.\necho \"SUCCESS\" > \"${SCRIPT_OUTPUT_FILE_0}\"\n";
			showEnvVarsInLog = 0;
		};
		FED97698AA41F8E6C63D95D2 /* [CP] Embed Pods Frameworks */ = {
			isa = PBXShellScriptBuildPhase;
			buildActionMask = 2147483647;
			files = (
			);
			inputFileListPaths = (
			);
			inputPaths = (
				"${PODS_ROOT}/Target Support Files/Pods-Gammon Air/Pods-Gammon Air-frameworks.sh",
				"${BUILT_PRODUCTS_DIR}/BoringSSL-GRPC/openssl_grpc.framework",
				"${BUILT_PRODUCTS_DIR}/GTMSessionFetcher/GTMSessionFetcher.framework",
				"${BUILT_PRODUCTS_DIR}/GoogleUtilities/GoogleUtilities.framework",
				"${BUILT_PRODUCTS_DIR}/Protobuf/Protobuf.framework",
				"${BUILT_PRODUCTS_DIR}/gRPC-C++/grpcpp.framework",
				"${BUILT_PRODUCTS_DIR}/gRPC-Core/grpc.framework",
				"${BUILT_PRODUCTS_DIR}/leveldb-library/leveldb.framework",
				"${BUILT_PRODUCTS_DIR}/nanopb/nanopb.framework",
			);
			name = "[CP] Embed Pods Frameworks";
			outputFileListPaths = (
			);
			outputPaths = (
				"${TARGET_BUILD_DIR}/${FRAMEWORKS_FOLDER_PATH}/openssl_grpc.framework",
				"${TARGET_BUILD_DIR}/${FRAMEWORKS_FOLDER_PATH}/GTMSessionFetcher.framework",
				"${TARGET_BUILD_DIR}/${FRAMEWORKS_FOLDER_PATH}/GoogleUtilities.framework",
				"${TARGET_BUILD_DIR}/${FRAMEWORKS_FOLDER_PATH}/Protobuf.framework",
				"${TARGET_BUILD_DIR}/${FRAMEWORKS_FOLDER_PATH}/grpcpp.framework",
				"${TARGET_BUILD_DIR}/${FRAMEWORKS_FOLDER_PATH}/grpc.framework",
				"${TARGET_BUILD_DIR}/${FRAMEWORKS_FOLDER_PATH}/leveldb.framework",
				"${TARGET_BUILD_DIR}/${FRAMEWORKS_FOLDER_PATH}/nanopb.framework",
			);
			runOnlyForDeploymentPostprocessing = 0;
			shellPath = /bin/sh;
			shellScript = "\"${PODS_ROOT}/Target Support Files/Pods-Gammon Air/Pods-Gammon Air-frameworks.sh\"\n";
			showEnvVarsInLog = 0;
		};
/* End PBXShellScriptBuildPhase section */

/* Begin PBXSourcesBuildPhase section */
		4C336DC72278C067005F5F6C /* Sources */ = {
			isa = PBXSourcesBuildPhase;
			buildActionMask = 2147483647;
			files = (
				4C336DD12278C067005F5F6C /* ViewController.swift in Sources */,
				4C70DF9222791AC5004C113E /* JoinTableViewCell.swift in Sources */,
				4C336DCF2278C067005F5F6C /* AppDelegate.swift in Sources */,
				4C70DF94227924E8004C113E /* BoardViewController.swift in Sources */,
			);
			runOnlyForDeploymentPostprocessing = 0;
		};
/* End PBXSourcesBuildPhase section */

/* Begin PBXVariantGroup section */
		4C336DD22278C067005F5F6C /* Main.storyboard */ = {
			isa = PBXVariantGroup;
			children = (
				4C336DD32278C067005F5F6C /* Base */,
			);
			name = Main.storyboard;
			sourceTree = "<group>";
		};
		4C336DD72278C069005F5F6C /* LaunchScreen.storyboard */ = {
			isa = PBXVariantGroup;
			children = (
				4C336DD82278C069005F5F6C /* Base */,
			);
			name = LaunchScreen.storyboard;
			sourceTree = "<group>";
		};
/* End PBXVariantGroup section */

/* Begin XCBuildConfiguration section */
		4C336DDB2278C069005F5F6C /* Debug */ = {
			isa = XCBuildConfiguration;
			buildSettings = {
				ALWAYS_SEARCH_USER_PATHS = NO;
				CLANG_ANALYZER_NONNULL = YES;
				CLANG_ANALYZER_NUMBER_OBJECT_CONVERSION = YES_AGGRESSIVE;
				CLANG_CXX_LANGUAGE_STANDARD = "gnu++14";
				CLANG_CXX_LIBRARY = "libc++";
				CLANG_ENABLE_MODULES = YES;
				CLANG_ENABLE_OBJC_ARC = YES;
				CLANG_ENABLE_OBJC_WEAK = YES;
				CLANG_WARN_BLOCK_CAPTURE_AUTORELEASING = YES;
				CLANG_WARN_BOOL_CONVERSION = YES;
				CLANG_WARN_COMMA = YES;
				CLANG_WARN_CONSTANT_CONVERSION = YES;
				CLANG_WARN_DEPRECATED_OBJC_IMPLEMENTATIONS = YES;
				CLANG_WARN_DIRECT_OBJC_ISA_USAGE = YES_ERROR;
				CLANG_WARN_DOCUMENTATION_COMMENTS = YES;
				CLANG_WARN_EMPTY_BODY = YES;
				CLANG_WARN_ENUM_CONVERSION = YES;
				CLANG_WARN_INFINITE_RECURSION = YES;
				CLANG_WARN_INT_CONVERSION = YES;
				CLANG_WARN_NON_LITERAL_NULL_CONVERSION = YES;
				CLANG_WARN_OBJC_IMPLICIT_RETAIN_SELF = YES;
				CLANG_WARN_OBJC_LITERAL_CONVERSION = YES;
				CLANG_WARN_OBJC_ROOT_CLASS = YES_ERROR;
				CLANG_WARN_RANGE_LOOP_ANALYSIS = YES;
				CLANG_WARN_STRICT_PROTOTYPES = YES;
				CLANG_WARN_SUSPICIOUS_MOVE = YES;
				CLANG_WARN_UNGUARDED_AVAILABILITY = YES_AGGRESSIVE;
				CLANG_WARN_UNREACHABLE_CODE = YES;
				CLANG_WARN__DUPLICATE_METHOD_MATCH = YES;
				CODE_SIGN_IDENTITY = "iPhone Developer";
				COPY_PHASE_STRIP = NO;
				DEBUG_INFORMATION_FORMAT = dwarf;
				ENABLE_STRICT_OBJC_MSGSEND = YES;
				ENABLE_TESTABILITY = YES;
				GCC_C_LANGUAGE_STANDARD = gnu11;
				GCC_DYNAMIC_NO_PIC = NO;
				GCC_NO_COMMON_BLOCKS = YES;
				GCC_OPTIMIZATION_LEVEL = 0;
				GCC_PREPROCESSOR_DEFINITIONS = (
					"DEBUG=1",
					"$(inherited)",
				);
				GCC_WARN_64_TO_32_BIT_CONVERSION = YES;
				GCC_WARN_ABOUT_RETURN_TYPE = YES_ERROR;
				GCC_WARN_UNDECLARED_SELECTOR = YES;
				GCC_WARN_UNINITIALIZED_AUTOS = YES_AGGRESSIVE;
				GCC_WARN_UNUSED_FUNCTION = YES;
				GCC_WARN_UNUSED_VARIABLE = YES;
				IPHONEOS_DEPLOYMENT_TARGET = 12.2;
				MTL_ENABLE_DEBUG_INFO = INCLUDE_SOURCE;
				MTL_FAST_MATH = YES;
				ONLY_ACTIVE_ARCH = YES;
				SDKROOT = iphoneos;
				SWIFT_ACTIVE_COMPILATION_CONDITIONS = DEBUG;
				SWIFT_OPTIMIZATION_LEVEL = "-Onone";
			};
			name = Debug;
		};
		4C336DDC2278C069005F5F6C /* Release */ = {
			isa = XCBuildConfiguration;
			buildSettings = {
				ALWAYS_SEARCH_USER_PATHS = NO;
				CLANG_ANALYZER_NONNULL = YES;
				CLANG_ANALYZER_NUMBER_OBJECT_CONVERSION = YES_AGGRESSIVE;
				CLANG_CXX_LANGUAGE_STANDARD = "gnu++14";
				CLANG_CXX_LIBRARY = "libc++";
				CLANG_ENABLE_MODULES = YES;
				CLANG_ENABLE_OBJC_ARC = YES;
				CLANG_ENABLE_OBJC_WEAK = YES;
				CLANG_WARN_BLOCK_CAPTURE_AUTORELEASING = YES;
				CLANG_WARN_BOOL_CONVERSION = YES;
				CLANG_WARN_COMMA = YES;
				CLANG_WARN_CONSTANT_CONVERSION = YES;
				CLANG_WARN_DEPRECATED_OBJC_IMPLEMENTATIONS = YES;
				CLANG_WARN_DIRECT_OBJC_ISA_USAGE = YES_ERROR;
				CLANG_WARN_DOCUMENTATION_COMMENTS = YES;
				CLANG_WARN_EMPTY_BODY = YES;
				CLANG_WARN_ENUM_CONVERSION = YES;
				CLANG_WARN_INFINITE_RECURSION = YES;
				CLANG_WARN_INT_CONVERSION = YES;
				CLANG_WARN_NON_LITERAL_NULL_CONVERSION = YES;
				CLANG_WARN_OBJC_IMPLICIT_RETAIN_SELF = YES;
				CLANG_WARN_OBJC_LITERAL_CONVERSION = YES;
				CLANG_WARN_OBJC_ROOT_CLASS = YES_ERROR;
				CLANG_WARN_RANGE_LOOP_ANALYSIS = YES;
				CLANG_WARN_STRICT_PROTOTYPES = YES;
				CLANG_WARN_SUSPICIOUS_MOVE = YES;
				CLANG_WARN_UNGUARDED_AVAILABILITY = YES_AGGRESSIVE;
				CLANG_WARN_UNREACHABLE_CODE = YES;
				CLANG_WARN__DUPLICATE_METHOD_MATCH = YES;
				CODE_SIGN_IDENTITY = "iPhone Developer";
				COPY_PHASE_STRIP = NO;
				DEBUG_INFORMATION_FORMAT = "dwarf-with-dsym";
				ENABLE_NS_ASSERTIONS = NO;
				ENABLE_STRICT_OBJC_MSGSEND = YES;
				GCC_C_LANGUAGE_STANDARD = gnu11;
				GCC_NO_COMMON_BLOCKS = YES;
				GCC_WARN_64_TO_32_BIT_CONVERSION = YES;
				GCC_WARN_ABOUT_RETURN_TYPE = YES_ERROR;
				GCC_WARN_UNDECLARED_SELECTOR = YES;
				GCC_WARN_UNINITIALIZED_AUTOS = YES_AGGRESSIVE;
				GCC_WARN_UNUSED_FUNCTION = YES;
				GCC_WARN_UNUSED_VARIABLE = YES;
				IPHONEOS_DEPLOYMENT_TARGET = 12.2;
				MTL_ENABLE_DEBUG_INFO = NO;
				MTL_FAST_MATH = YES;
				SDKROOT = iphoneos;
				SWIFT_COMPILATION_MODE = wholemodule;
				SWIFT_OPTIMIZATION_LEVEL = "-O";
				VALIDATE_PRODUCT = YES;
			};
			name = Release;
		};
		4C336DDE2278C069005F5F6C /* Debug */ = {
			isa = XCBuildConfiguration;
			baseConfigurationReference = CE15D4B46D05BEC64F1B79FB /* Pods-Gammon Air.debug.xcconfig */;
			buildSettings = {
				ASSETCATALOG_COMPILER_APPICON_NAME = AppIcon;
				CODE_SIGN_STYLE = Automatic;
				DEVELOPMENT_TEAM = UX7GPB828A;
				INFOPLIST_FILE = "Gammon Air/Info.plist";
				LD_RUNPATH_SEARCH_PATHS = (
					"$(inherited)",
					"@executable_path/Frameworks",
				);
				PRODUCT_BUNDLE_IDENTIFIER = "rolflocher.Gammon-Air";
				PRODUCT_NAME = "$(TARGET_NAME)";
				SWIFT_VERSION = 5.0;
				TARGETED_DEVICE_FAMILY = "1,2";
			};
			name = Debug;
		};
		4C336DDF2278C069005F5F6C /* Release */ = {
			isa = XCBuildConfiguration;
			baseConfigurationReference = 90319DB8BD300CD9D4051E66 /* Pods-Gammon Air.release.xcconfig */;
			buildSettings = {
				ASSETCATALOG_COMPILER_APPICON_NAME = AppIcon;
				CODE_SIGN_STYLE = Automatic;
				DEVELOPMENT_TEAM = UX7GPB828A;
				INFOPLIST_FILE = "Gammon Air/Info.plist";
				LD_RUNPATH_SEARCH_PATHS = (
					"$(inherited)",
					"@executable_path/Frameworks",
				);
				PRODUCT_BUNDLE_IDENTIFIER = "rolflocher.Gammon-Air";
				PRODUCT_NAME = "$(TARGET_NAME)";
				SWIFT_VERSION = 5.0;
				TARGETED_DEVICE_FAMILY = "1,2";
			};
			name = Release;
		};
/* End XCBuildConfiguration section */

/* Begin XCConfigurationList section */
		4C336DC62278C067005F5F6C /* Build configuration list for PBXProject "Gammon Air" */ = {
			isa = XCConfigurationList;
			buildConfigurations = (
				4C336DDB2278C069005F5F6C /* Debug */,
				4C336DDC2278C069005F5F6C /* Release */,
			);
			defaultConfigurationIsVisible = 0;
			defaultConfigurationName = Release;
		};
		4C336DDD2278C069005F5F6C /* Build configuration list for PBXNativeTarget "Gammon Air" */ = {
			isa = XCConfigurationList;
			buildConfigurations = (
				4C336DDE2278C069005F5F6C /* Debug */,
				4C336DDF2278C069005F5F6C /* Release */,
			);
			defaultConfigurationIsVisible = 0;
			defaultConfigurationName = Release;
		};
/* End XCConfigurationList section */
	};
	rootObject = 4C336DC32278C067005F5F6C /* Project object */;
}
